// !$*UTF8*$!
{
	archiveVersion = 1;
	classes = {
	};
	objectVersion = 46;
	objects = {

/* Begin PBXBuildFile section */
		DB7B09651F48154300A8243D /* Chess_gameUtils.c in Sources */ = {isa = PBXBuildFile; fileRef = DB7B09631F48154300A8243D /* Chess_gameUtils.c */; };
		DB7B09681F48195E00A8243D /* Chess_gameUtilsAux.c in Sources */ = {isa = PBXBuildFile; fileRef = DB7B09661F48195E00A8243D /* Chess_gameUtilsAux.c */; };
		DBB8EBD01F45797C00B87875 /* main.c in Sources */ = {isa = PBXBuildFile; fileRef = DBB8EBCF1F45797C00B87875 /* main.c */; };
		DBB8EBD81F457FA700B87875 /* Chess_ArrayList.c in Sources */ = {isa = PBXBuildFile; fileRef = DBB8EBD61F457FA700B87875 /* Chess_ArrayList.c */; };
/* End PBXBuildFile section */

/* Begin PBXCopyFilesBuildPhase section */
		DBB8EBCA1F45797C00B87875 /* CopyFiles */ = {
			isa = PBXCopyFilesBuildPhase;
			buildActionMask = 2147483647;
			dstPath = /usr/share/man/man1/;
			dstSubfolderSpec = 0;
			files = (
			);
			runOnlyForDeploymentPostprocessing = 1;
		};
/* End PBXCopyFilesBuildPhase section */

/* Begin PBXFileReference section */
		DB7B09631F48154300A8243D /* Chess_gameUtils.c */ = {isa = PBXFileReference; fileEncoding = 4; lastKnownFileType = sourcecode.c.c; path = Chess_gameUtils.c; sourceTree = "<group>"; };
		DB7B09641F48154300A8243D /* Chess_gameUtils.h */ = {isa = PBXFileReference; fileEncoding = 4; lastKnownFileType = sourcecode.c.h; path = Chess_gameUtils.h; sourceTree = "<group>"; };
		DB7B09661F48195E00A8243D /* Chess_gameUtilsAux.c */ = {isa = PBXFileReference; fileEncoding = 4; lastKnownFileType = sourcecode.c.c; name = Chess_gameUtilsAux.c; path = ../Chess_gameUtilsAux.c; sourceTree = "<group>"; };
		DB7B09671F48195E00A8243D /* Chess_gameUtilsAux.h */ = {isa = PBXFileReference; fileEncoding = 4; lastKnownFileType = sourcecode.c.h; name = Chess_gameUtilsAux.h; path = ../Chess_gameUtilsAux.h; sourceTree = "<group>"; };
		DBB8EBCC1F45797C00B87875 /* SW_Chess */ = {isa = PBXFileReference; explicitFileType = "compiled.mach-o.executable"; includeInIndex = 0; path = SW_Chess; sourceTree = BUILT_PRODUCTS_DIR; };
		DBB8EBCF1F45797C00B87875 /* main.c */ = {isa = PBXFileReference; lastKnownFileType = sourcecode.c.c; path = main.c; sourceTree = "<group>"; };
		DBB8EBD61F457FA700B87875 /* Chess_ArrayList.c */ = {isa = PBXFileReference; fileEncoding = 4; lastKnownFileType = sourcecode.c.c; path = Chess_ArrayList.c; sourceTree = "<group>"; };
		DBB8EBD71F457FA700B87875 /* Chess_ArrayList.h */ = {isa = PBXFileReference; fileEncoding = 4; lastKnownFileType = sourcecode.c.h; path = Chess_ArrayList.h; sourceTree = "<group>"; };
/* End PBXFileReference section */

/* Begin PBXFrameworksBuildPhase section */
		DBB8EBC91F45797C00B87875 /* Frameworks */ = {
			isa = PBXFrameworksBuildPhase;
			buildActionMask = 2147483647;
			files = (
			);
			runOnlyForDeploymentPostprocessing = 0;
		};
/* End PBXFrameworksBuildPhase section */

/* Begin PBXGroup section */
		DBB8EBC31F45797C00B87875 = {
			isa = PBXGroup;
			children = (
				DBB8EBCE1F45797C00B87875 /* SW_Chess */,
				DBB8EBCD1F45797C00B87875 /* Products */,
			);
			sourceTree = "<group>";
		};
		DBB8EBCD1F45797C00B87875 /* Products */ = {
			isa = PBXGroup;
			children = (
				DBB8EBCC1F45797C00B87875 /* SW_Chess */,
			);
			name = Products;
			sourceTree = "<group>";
		};
		DBB8EBCE1F45797C00B87875 /* SW_Chess */ = {
			isa = PBXGroup;
			children = (
				DB7B09661F48195E00A8243D /* Chess_gameUtilsAux.c */,
				DB7B09671F48195E00A8243D /* Chess_gameUtilsAux.h */,
				DBB8EBCF1F45797C00B87875 /* main.c */,
				DBB8EBD61F457FA700B87875 /* Chess_ArrayList.c */,
				DBB8EBD71F457FA700B87875 /* Chess_ArrayList.h */,
				DB7B09631F48154300A8243D /* Chess_gameUtils.c */,
				DB7B09641F48154300A8243D /* Chess_gameUtils.h */,
			);
			path = SW_Chess;
			sourceTree = "<group>";
		};
/* End PBXGroup section */

/* Begin PBXNativeTarget section */
		DBB8EBCB1F45797C00B87875 /* SW_Chess */ = {
			isa = PBXNativeTarget;
			buildConfigurationList = DBB8EBD31F45797C00B87875 /* Build configuration list for PBXNativeTarget "SW_Chess" */;
			buildPhases = (
				DBB8EBC81F45797C00B87875 /* Sources */,
				DBB8EBC91F45797C00B87875 /* Frameworks */,
				DBB8EBCA1F45797C00B87875 /* CopyFiles */,
			);
			buildRules = (
			);
			dependencies = (
			);
			name = SW_Chess;
			productName = SW_Chess;
			productReference = DBB8EBCC1F45797C00B87875 /* SW_Chess */;
			productType = "com.apple.product-type.tool";
		};
/* End PBXNativeTarget section */

/* Begin PBXProject section */
		DBB8EBC41F45797C00B87875 /* Project object */ = {
			isa = PBXProject;
			attributes = {
				LastUpgradeCheck = 0830;
				ORGANIZATIONNAME = "Alexander Shugaley";
				TargetAttributes = {
					DBB8EBCB1F45797C00B87875 = {
						CreatedOnToolsVersion = 8.3.2;
						ProvisioningStyle = Automatic;
					};
				};
			};
			buildConfigurationList = DBB8EBC71F45797C00B87875 /* Build configuration list for PBXProject "SW_Chess" */;
			compatibilityVersion = "Xcode 3.2";
			developmentRegion = English;
			hasScannedForEncodings = 0;
			knownRegions = (
				en,
			);
			mainGroup = DBB8EBC31F45797C00B87875;
			productRefGroup = DBB8EBCD1F45797C00B87875 /* Products */;
			projectDirPath = "";
			projectRoot = "";
			targets = (
				DBB8EBCB1F45797C00B87875 /* SW_Chess */,
			);
		};
/* End PBXProject section */

/* Begin PBXSourcesBuildPhase section */
		DBB8EBC81F45797C00B87875 /* Sources */ = {
			isa = PBXSourcesBuildPhase;
			buildActionMask = 2147483647;
			files = (
				DBB8EBD81F457FA700B87875 /* Chess_ArrayList.c in Sources */,
				DB7B09651F48154300A8243D /* Chess_gameUtils.c in Sources */,
				DBB8EBD01F45797C00B87875 /* main.c in Sources */,
				DB7B09681F48195E00A8243D /* Chess_gameUtilsAux.c in Sources */,
			);
			runOnlyForDeploymentPostprocessing = 0;
		};
/* End PBXSourcesBuildPhase section */

/* Begin XCBuildConfiguration section */
		DBB8EBD11F45797C00B87875 /* Debug */ = {
			isa = XCBuildConfiguration;
			buildSettings = {
				ALWAYS_SEARCH_USER_PATHS = NO;
				CLANG_ANALYZER_NONNULL = YES;
				CLANG_ANALYZER_NUMBER_OBJECT_CONVERSION = YES_AGGRESSIVE;
				CLANG_CXX_LANGUAGE_STANDARD = "gnu++0x";
				CLANG_CXX_LIBRARY = "libc++";
				CLANG_ENABLE_MODULES = YES;
				CLANG_ENABLE_OBJC_ARC = YES;
				CLANG_WARN_BOOL_CONVERSION = YES;
				CLANG_WARN_CONSTANT_CONVERSION = YES;
				CLANG_WARN_DIRECT_OBJC_ISA_USAGE = YES_ERROR;
				CLANG_WARN_DOCUMENTATION_COMMENTS = YES;
				CLANG_WARN_EMPTY_BODY = YES;
				CLANG_WARN_ENUM_CONVERSION = YES;
				CLANG_WARN_INFINITE_RECURSION = YES;
				CLANG_WARN_INT_CONVERSION = YES;
				CLANG_WARN_OBJC_ROOT_CLASS = YES_ERROR;
				CLANG_WARN_SUSPICIOUS_MOVE = YES;
				CLANG_WARN_UNREACHABLE_CODE = YES;
				CLANG_WARN__DUPLICATE_METHOD_MATCH = YES;
				CODE_SIGN_IDENTITY = "-";
				COPY_PHASE_STRIP = NO;
				DEBUG_INFORMATION_FORMAT = dwarf;
				ENABLE_STRICT_OBJC_MSGSEND = YES;
				ENABLE_TESTABILITY = YES;
				GCC_C_LANGUAGE_STANDARD = gnu99;
				GCC_DYNAMIC_NO_PIC = NO;
				GCC_NO_COMMON_BLOCKS = YES;
				GCC_OPTIMIZATION_LEVEL = 0;
				GCC_PREPROCESSOR_DEFINITIONS = (
					"DEBUG=1",
					"$(inherited)",
				);
				GCC_WARN_64_TO_32_BIT_CONVERSION = YES;
				GCC_WARN_ABOUT_RETURN_TYPE = YES_ERROR;
				GCC_WARN_UNDECLARED_SELECTOR = YES;
				GCC_WARN_UNINITIALIZED_AUTOS = YES_AGGRESSIVE;
				GCC_WARN_UNUSED_FUNCTION = YES;
				GCC_WARN_UNUSED_VARIABLE = YES;
				MACOSX_DEPLOYMENT_TARGET = 10.12;
				MTL_ENABLE_DEBUG_INFO = YES;
				ONLY_ACTIVE_ARCH = YES;
				SDKROOT = macosx;
			};
			name = Debug;
		};
		DBB8EBD21F45797C00B87875 /* Release */ = {
			isa = XCBuildConfiguration;
			buildSettings = {
				ALWAYS_SEARCH_USER_PATHS = NO;
				CLANG_ANALYZER_NONNULL = YES;
				CLANG_ANALYZER_NUMBER_OBJECT_CONVERSION = YES_AGGRESSIVE;
				CLANG_CXX_LANGUAGE_STANDARD = "gnu++0x";
				CLANG_CXX_LIBRARY = "libc++";
				CLANG_ENABLE_MODULES = YES;
				CLANG_ENABLE_OBJC_ARC = YES;
				CLANG_WARN_BOOL_CONVERSION = YES;
				CLANG_WARN_CONSTANT_CONVERSION = YES;
				CLANG_WARN_DIRECT_OBJC_ISA_USAGE = YES_ERROR;
				CLANG_WARN_DOCUMENTATION_COMMENTS = YES;
				CLANG_WARN_EMPTY_BODY = YES;
				CLANG_WARN_ENUM_CONVERSION = YES;
				CLANG_WARN_INFINITE_RECURSION = YES;
				CLANG_WARN_INT_CONVERSION = YES;
				CLANG_WARN_OBJC_ROOT_CLASS = YES_ERROR;
				CLANG_WARN_SUSPICIOUS_MOVE = YES;
				CLANG_WARN_UNREACHABLE_CODE = YES;
				CLANG_WARN__DUPLICATE_METHOD_MATCH = YES;
				CODE_SIGN_IDENTITY = "-";
				COPY_PHASE_STRIP = NO;
				DEBUG_INFORMATION_FORMAT = "dwarf-with-dsym";
				ENABLE_NS_ASSERTIONS = NO;
				ENABLE_STRICT_OBJC_MSGSEND = YES;
				GCC_C_LANGUAGE_STANDARD = gnu99;
				GCC_NO_COMMON_BLOCKS = YES;
				GCC_WARN_64_TO_32_BIT_CONVERSION = YES;
				GCC_WARN_ABOUT_RETURN_TYPE = YES_ERROR;
				GCC_WARN_UNDECLARED_SELECTOR = YES;
				GCC_WARN_UNINITIALIZED_AUTOS = YES_AGGRESSIVE;
				GCC_WARN_UNUSED_FUNCTION = YES;
				GCC_WARN_UNUSED_VARIABLE = YES;
				MACOSX_DEPLOYMENT_TARGET = 10.12;
				MTL_ENABLE_DEBUG_INFO = NO;
				SDKROOT = macosx;
			};
			name = Release;
		};
		DBB8EBD41F45797C00B87875 /* Debug */ = {
			isa = XCBuildConfiguration;
			buildSettings = {
				PRODUCT_NAME = "$(TARGET_NAME)";
			};
			name = Debug;
		};
		DBB8EBD51F45797C00B87875 /* Release */ = {
			isa = XCBuildConfiguration;
			buildSettings = {
				PRODUCT_NAME = "$(TARGET_NAME)";
			};
			name = Release;
		};
/* End XCBuildConfiguration section */

/* Begin XCConfigurationList section */
		DBB8EBC71F45797C00B87875 /* Build configuration list for PBXProject "SW_Chess" */ = {
			isa = XCConfigurationList;
			buildConfigurations = (
				DBB8EBD11F45797C00B87875 /* Debug */,
				DBB8EBD21F45797C00B87875 /* Release */,
			);
			defaultConfigurationIsVisible = 0;
			defaultConfigurationName = Release;
		};
		DBB8EBD31F45797C00B87875 /* Build configuration list for PBXNativeTarget "SW_Chess" */ = {
			isa = XCConfigurationList;
			buildConfigurations = (
				DBB8EBD41F45797C00B87875 /* Debug */,
				DBB8EBD51F45797C00B87875 /* Release */,
			);
			defaultConfigurationIsVisible = 0;
			defaultConfigurationName = Release;
		};
/* End XCConfigurationList section */
	};
	rootObject = DBB8EBC41F45797C00B87875 /* Project object */;
}
